
Microsoft Visual Studio Solution File, Format Version 12.00
# Visual Studio 2013
VisualStudioVersion = 12.0.30110.0
MinimumVisualStudioVersion = 10.0.40219.1
Project("{FAE04EC0-301F-11D3-BF4B-00C04F79EFBC}") = "SharpSpark.Tests", "SharpSpark.Tests\SharpSpark.Tests.csproj", "{9D4E71FE-7394-43FA-A4D4-F75E004EF319}"
EndProject
Project("{FAE04EC0-301F-11D3-BF4B-00C04F79EFBC}") = "SharpSpark", "SharpSpark\SharpSpark.csproj", "{75C52157-BB62-4888-A321-DC7962DE313D}"
EndProject
Project("{2150E333-8FDC-42A3-9474-1A3956D46DE8}") = ".nuget", ".nuget", "{8024093F-9870-42A7-B417-5A83428A7841}"
	ProjectSection(SolutionItems) = preProject
		.nuget\NuGet.Config = .nuget\NuGet.Config
		.nuget\NuGet.exe = .nuget\NuGet.exe
		.nuget\NuGet.targets = .nuget\NuGet.targets
	EndProjectSection
EndProject
Global
	GlobalSection(SolutionConfigurationPlatforms) = preSolution
		Debug|Any CPU = Debug|Any CPU
		Release|Any CPU = Release|Any CPU
	EndGlobalSection
	GlobalSection(ProjectConfigurationPlatforms) = postSolution
		{9D4E71FE-7394-43FA-A4D4-F75E004EF319}.Debug|Any CPU.ActiveCfg = Debug|Any CPU
		{9D4E71FE-7394-43FA-A4D4-F75E004EF319}.Debug|Any CPU.Build.0 = Debug|Any CPU
		{9D4E71FE-7394-43FA-A4D4-F75E004EF319}.Release|Any CPU.ActiveCfg = Release|Any CPU
		{9D4E71FE-7394-43FA-A4D4-F75E004EF319}.Release|Any CPU.Build.0 = Release|Any CPU
		{75C52157-BB62-4888-A321-DC7962DE313D}.Debug|Any CPU.ActiveCfg = Debug|Any CPU
		{75C52157-BB62-4888-A321-DC7962DE313D}.Debug|Any CPU.Build.0 = Debug|Any CPU
		{75C52157-BB62-4888-A321-DC7962DE313D}.Release|Any CPU.ActiveCfg = Release|Any CPU
		{75C52157-BB62-4888-A321-DC7962DE313D}.Release|Any CPU.Build.0 = Release|Any CPU
	EndGlobalSection
	GlobalSection(SolutionProperties) = preSolution
		HideSolutionNode = FALSE
	EndGlobalSection
EndGlobal
